%{
  "artificery": {:hex, :artificery, "0.4.0", "e0b8d3eb9dfe8f42c08a620f90a2aa9cef5dba9fcdfcecad5c2be451df159a77", [:mix], [], "hexpm", "2cdf0748823aa0a9a10739bbd131a2d47f4f11021ad99b5b970f738c0428dab8"},
  "castore": {:hex, :castore, "0.1.6", "2da0dccb3eacb67841d11790598ff03cd5caee861e01fad61dce1376b5da28e6", [:mix], [], "hexpm", "f874c510b720d31dd6334e9ae5c859a06a3c9e67dfe1a195c512e57588556d3f"},
  "connection": {:hex, :connection, "1.0.4", "a1cae72211f0eef17705aaededacac3eb30e6625b04a6117c1b2db6ace7d5976", [:mix], [], "hexpm", "4a0850c9be22a43af9920a71ab17c051f5f7d45c209e40269a1938832510e4d9"},
  "dicon": {:hex, :dicon, "0.5.0", "1f71a080af76612d1a163015f4cbddb41774b2d59a3f807aa432af34adae064b", [:mix], [], "hexpm", "558b41dbedfb0ffd459b577b65476bcda6a714f1d5ce3d8c3485de3dbf31499d"},
  "distillery": {:hex, :distillery, "2.0.12", "6e78fe042df82610ac3fa50bd7d2d8190ad287d120d3cd1682d83a44e8b34dfb", [:mix], [{:artificery, "~> 0.2", [hex: :artificery, repo: "hexpm", optional: false]}], "hexpm", "ad094bfbbd69a39f6118265bc7d76a56534df9af2f06aca0d3fd03e1220fbe31"},
  "jason": {:hex, :jason, "1.1.2", "b03dedea67a99223a2eaf9f1264ce37154564de899fd3d8b9a21b1a6fd64afe7", [:mix], [{:decimal, "~> 1.0", [hex: :decimal, repo: "hexpm", optional: true]}], "hexpm", "fdf843bca858203ae1de16da2ee206f53416bbda5dc8c9e78f43243de4bc3afe"},
  "mint": {:hex, :mint, "1.1.0", "1fd0189edd9e3ffdbd7fcd8bc3835902b987a63ec6c4fd1aa8c2a56e2165f252", [:mix], [{:castore, "~> 0.1.0", [hex: :castore, repo: "hexpm", optional: true]}], "hexpm", "5bfd316c3789340b682d5679a8116bcf2112e332447bdc20c1d62909ee45f48d"},
  "mox": {:hex, :mox, "0.5.0", "c519b48407017a85f03407a9a4c4ceb7cc6dec5fe886b2241869fb2f08476f9e", [:mix], [], "hexpm", "bdc9e95c3e4b80e4864987d822a981da2f2a6032bf409b3ec641f5be3488e8e6"},
  "poolboy": {:hex, :poolboy, "1.5.2", "392b007a1693a64540cead79830443abf5762f5d30cf50bc95cb2c1aaafa006b", [:rebar3], [], "hexpm", "dad79704ce5440f3d5a3681c8590b9dc25d1a561e8f5a9c995281012860901e3"},
}
